
Microsoft Visual Studio Solution File, Format Version 12.00
# Visual Studio Version 16
VisualStudioVersion = 16.0.30114.105
MinimumVisualStudioVersion = 10.0.40219.1
Project("{FAE04EC0-301F-11D3-BF4B-00C04F79EFBC}") = "AspSample.App.Main", "AspSample.App.Main\AspSample.App.Main.csproj", "{1B2BF405-01DF-4AF7-B926-1EF557E654FB}"
EndProject
Project("{FAE04EC0-301F-11D3-BF4B-00C04F79EFBC}") = "AspSample.Lib.WeatherForecast", "AspSample.Lib.WeatherForecast\AspSample.Lib.WeatherForecast.csproj", "{81DCE7C0-FAA7-4746-B29D-CA7C320E2134}"
EndProject
Project("{FAE04EC0-301F-11D3-BF4B-00C04F79EFBC}") = "AspSample.Test.App.Main", "AspSample.Test.App.Main\AspSample.Test.App.Main.csproj", "{A5B2BEFA-A261-4567-A955-3534D201C980}"
EndProject
Project("{FAE04EC0-301F-11D3-BF4B-00C04F79EFBC}") = "AspSample.Test.Lib.WeatherForecast", "AspSample.Test.Lib.WeatherForecast\AspSample.Test.Lib.WeatherForecast.csproj", "{94C6EA85-BFDB-404E-BF58-FD1374A44DD0}"
EndProject
Global
	GlobalSection(SolutionConfigurationPlatforms) = preSolution
		Debug|Any CPU = Debug|Any CPU
		Debug|x64 = Debug|x64
		Debug|x86 = Debug|x86
		Release|Any CPU = Release|Any CPU
		Release|x64 = Release|x64
		Release|x86 = Release|x86
	EndGlobalSection
	GlobalSection(SolutionProperties) = preSolution
		HideSolutionNode = FALSE
	EndGlobalSection
	GlobalSection(ProjectConfigurationPlatforms) = postSolution
		{1B2BF405-01DF-4AF7-B926-1EF557E654FB}.Debug|Any CPU.ActiveCfg = Debug|Any CPU
		{1B2BF405-01DF-4AF7-B926-1EF557E654FB}.Debug|Any CPU.Build.0 = Debug|Any CPU
		{1B2BF405-01DF-4AF7-B926-1EF557E654FB}.Debug|x64.ActiveCfg = Debug|Any CPU
		{1B2BF405-01DF-4AF7-B926-1EF557E654FB}.Debug|x64.Build.0 = Debug|Any CPU
		{1B2BF405-01DF-4AF7-B926-1EF557E654FB}.Debug|x86.ActiveCfg = Debug|Any CPU
		{1B2BF405-01DF-4AF7-B926-1EF557E654FB}.Debug|x86.Build.0 = Debug|Any CPU
		{1B2BF405-01DF-4AF7-B926-1EF557E654FB}.Release|Any CPU.ActiveCfg = Release|Any CPU
		{1B2BF405-01DF-4AF7-B926-1EF557E654FB}.Release|Any CPU.Build.0 = Release|Any CPU
		{1B2BF405-01DF-4AF7-B926-1EF557E654FB}.Release|x64.ActiveCfg = Release|Any CPU
		{1B2BF405-01DF-4AF7-B926-1EF557E654FB}.Release|x64.Build.0 = Release|Any CPU
		{1B2BF405-01DF-4AF7-B926-1EF557E654FB}.Release|x86.ActiveCfg = Release|Any CPU
		{1B2BF405-01DF-4AF7-B926-1EF557E654FB}.Release|x86.Build.0 = Release|Any CPU
		{81DCE7C0-FAA7-4746-B29D-CA7C320E2134}.Debug|Any CPU.ActiveCfg = Debug|Any CPU
		{81DCE7C0-FAA7-4746-B29D-CA7C320E2134}.Debug|Any CPU.Build.0 = Debug|Any CPU
		{81DCE7C0-FAA7-4746-B29D-CA7C320E2134}.Debug|x64.ActiveCfg = Debug|Any CPU
		{81DCE7C0-FAA7-4746-B29D-CA7C320E2134}.Debug|x64.Build.0 = Debug|Any CPU
		{81DCE7C0-FAA7-4746-B29D-CA7C320E2134}.Debug|x86.ActiveCfg = Debug|Any CPU
		{81DCE7C0-FAA7-4746-B29D-CA7C320E2134}.Debug|x86.Build.0 = Debug|Any CPU
		{81DCE7C0-FAA7-4746-B29D-CA7C320E2134}.Release|Any CPU.ActiveCfg = Release|Any CPU
		{81DCE7C0-FAA7-4746-B29D-CA7C320E2134}.Release|Any CPU.Build.0 = Release|Any CPU
		{81DCE7C0-FAA7-4746-B29D-CA7C320E2134}.Release|x64.ActiveCfg = Release|Any CPU
		{81DCE7C0-FAA7-4746-B29D-CA7C320E2134}.Release|x64.Build.0 = Release|Any CPU
		{81DCE7C0-FAA7-4746-B29D-CA7C320E2134}.Release|x86.ActiveCfg = Release|Any CPU
		{81DCE7C0-FAA7-4746-B29D-CA7C320E2134}.Release|x86.Build.0 = Release|Any CPU
		{A5B2BEFA-A261-4567-A955-3534D201C980}.Debug|Any CPU.ActiveCfg = Debug|Any CPU
		{A5B2BEFA-A261-4567-A955-3534D201C980}.Debug|Any CPU.Build.0 = Debug|Any CPU
		{A5B2BEFA-A261-4567-A955-3534D201C980}.Debug|x64.ActiveCfg = Debug|Any CPU
		{A5B2BEFA-A261-4567-A955-3534D201C980}.Debug|x64.Build.0 = Debug|Any CPU
		{A5B2BEFA-A261-4567-A955-3534D201C980}.Debug|x86.ActiveCfg = Debug|Any CPU
		{A5B2BEFA-A261-4567-A955-3534D201C980}.Debug|x86.Build.0 = Debug|Any CPU
		{A5B2BEFA-A261-4567-A955-3534D201C980}.Release|Any CPU.ActiveCfg = Release|Any CPU
		{A5B2BEFA-A261-4567-A955-3534D201C980}.Release|Any CPU.Build.0 = Release|Any CPU
		{A5B2BEFA-A261-4567-A955-3534D201C980}.Release|x64.ActiveCfg = Release|Any CPU
		{A5B2BEFA-A261-4567-A955-3534D201C980}.Release|x64.Build.0 = Release|Any CPU
		{A5B2BEFA-A261-4567-A955-3534D201C980}.Release|x86.ActiveCfg = Release|Any CPU
		{A5B2BEFA-A261-4567-A955-3534D201C980}.Release|x86.Build.0 = Release|Any CPU
		{94C6EA85-BFDB-404E-BF58-FD1374A44DD0}.Debug|Any CPU.ActiveCfg = Debug|Any CPU
		{94C6EA85-BFDB-404E-BF58-FD1374A44DD0}.Debug|Any CPU.Build.0 = Debug|Any CPU
		{94C6EA85-BFDB-404E-BF58-FD1374A44DD0}.Debug|x64.ActiveCfg = Debug|Any CPU
		{94C6EA85-BFDB-404E-BF58-FD1374A44DD0}.Debug|x64.Build.0 = Debug|Any CPU
		{94C6EA85-BFDB-404E-BF58-FD1374A44DD0}.Debug|x86.ActiveCfg = Debug|Any CPU
		{94C6EA85-BFDB-404E-BF58-FD1374A44DD0}.Debug|x86.Build.0 = Debug|Any CPU
		{94C6EA85-BFDB-404E-BF58-FD1374A44DD0}.Release|Any CPU.ActiveCfg = Release|Any CPU
		{94C6EA85-BFDB-404E-BF58-FD1374A44DD0}.Release|Any CPU.Build.0 = Release|Any CPU
		{94C6EA85-BFDB-404E-BF58-FD1374A44DD0}.Release|x64.ActiveCfg = Release|Any CPU
		{94C6EA85-BFDB-404E-BF58-FD1374A44DD0}.Release|x64.Build.0 = Release|Any CPU
		{94C6EA85-BFDB-404E-BF58-FD1374A44DD0}.Release|x86.ActiveCfg = Release|Any CPU
		{94C6EA85-BFDB-404E-BF58-FD1374A44DD0}.Release|x86.Build.0 = Release|Any CPU
	EndGlobalSection
EndGlobal
